
Microsoft Visual Studio Solution File, Format Version 12.00
Project("{FAE04EC0-301F-11D3-BF4B-00C04F79EFBC}") = "TwinLand", "TwinLand\TwinLand.csproj", "{34F417A2-55E4-408B-9983-5B578A3C6FDB}"
EndProject
Global
	GlobalSection(SolutionConfigurationPlatforms) = preSolution
		Debug|Any CPU = Debug|Any CPU
		Release|Any CPU = Release|Any CPU
	EndGlobalSection
	GlobalSection(ProjectConfigurationPlatforms) = postSolution
		{34F417A2-55E4-408B-9983-5B578A3C6FDB}.Debug|Any CPU.ActiveCfg = Debug|Any CPU
		{34F417A2-55E4-408B-9983-5B578A3C6FDB}.Debug|Any CPU.Build.0 = Debug|Any CPU
		{34F417A2-55E4-408B-9983-5B578A3C6FDB}.Release|Any CPU.ActiveCfg = Release|Any CPU
		{34F417A2-55E4-408B-9983-5B578A3C6FDB}.Release|Any CPU.Build.0 = Release|Any CPU
	EndGlobalSection
EndGlobal
